PODS:
  - LwScanningByZxing (0.1.0)
  - ZXingObjC (3.1.0):
    - ZXingObjC/All (= 3.1.0)
  - ZXingObjC/All (3.1.0)

DEPENDENCIES:
  - LwScanningByZxing (from `../`)
  - ZXingObjC (~> 3.1.0)

EXTERNAL SOURCES:
  LwScanningByZxing:
    :path: ../

SPEC CHECKSUMS:
  LwScanningByZxing: a97ed2ee90b95a32b987285f970b8bb02d1b67a5
  ZXingObjC: bf15b3814f7a105b6d99f47da2333c93a063650a

COCOAPODS: 0.38.2
